
Microsoft Visual Studio Solution File, Format Version 12.00
# Visual Studio Version 17
VisualStudioVersion = 17.5.33414.496
MinimumVisualStudioVersion = 10.0.40219.1
Project("{9A19103F-16F7-4668-BE54-9A1E7A4F7556}") = "Nexti Winform", "Nexti Winform\Nexti Winform.csproj", "{4039EFCA-6332-48BA-B1BF-8625AAEC38D5}"
EndProject
Project("{FAE04EC0-301F-11D3-BF4B-00C04F79EFBC}") = "Services", "Services\Services.csproj", "{EBB3AB11-9F06-4B18-BC80-F2F5DBD0B5A5}"
EndProject
Global
	GlobalSection(SolutionConfigurationPlatforms) = preSolution
		Debug|Any CPU = Debug|Any CPU
		Release|Any CPU = Release|Any CPU
	EndGlobalSection
	GlobalSection(ProjectConfigurationPlatforms) = postSolution
		{4039EFCA-6332-48BA-B1BF-8625AAEC38D5}.Debug|Any CPU.ActiveCfg = Debug|Any CPU
		{4039EFCA-6332-48BA-B1BF-8625AAEC38D5}.Debug|Any CPU.Build.0 = Debug|Any CPU
		{4039EFCA-6332-48BA-B1BF-8625AAEC38D5}.Release|Any CPU.ActiveCfg = Release|Any CPU
		{4039EFCA-6332-48BA-B1BF-8625AAEC38D5}.Release|Any CPU.Build.0 = Release|Any CPU
		{EBB3AB11-9F06-4B18-BC80-F2F5DBD0B5A5}.Debug|Any CPU.ActiveCfg = Debug|Any CPU
		{EBB3AB11-9F06-4B18-BC80-F2F5DBD0B5A5}.Debug|Any CPU.Build.0 = Debug|Any CPU
		{EBB3AB11-9F06-4B18-BC80-F2F5DBD0B5A5}.Release|Any CPU.ActiveCfg = Release|Any CPU
		{EBB3AB11-9F06-4B18-BC80-F2F5DBD0B5A5}.Release|Any CPU.Build.0 = Release|Any CPU
	EndGlobalSection
	GlobalSection(SolutionProperties) = preSolution
		HideSolutionNode = FALSE
	EndGlobalSection
	GlobalSection(ExtensibilityGlobals) = postSolution
		SolutionGuid = {AEC14C33-C4CF-4324-B333-821744C77E08}
	EndGlobalSection
EndGlobal
